// !$*UTF8*$!
{
	archiveVersion = 1;
	classes = {
	};
	objectVersion = 48;
	objects = {

/* Begin PBXBuildFile section */
		8C6CB9D3203F39530082E0A2 /* AppDelegate.swift in Sources */ = {isa = PBXBuildFile; fileRef = 8C6CB9D2203F39530082E0A2 /* AppDelegate.swift */; };
		8C6CB9D5203F39530082E0A2 /* DocumentBrowserViewController.swift in Sources */ = {isa = PBXBuildFile; fileRef = 8C6CB9D4203F39530082E0A2 /* DocumentBrowserViewController.swift */; };
		8C6CB9D7203F39530082E0A2 /* DocumentViewController.swift in Sources */ = {isa = PBXBuildFile; fileRef = 8C6CB9D6203F39530082E0A2 /* DocumentViewController.swift */; };
		8C6CB9D9203F39530082E0A2 /* Document.swift in Sources */ = {isa = PBXBuildFile; fileRef = 8C6CB9D8203F39530082E0A2 /* Document.swift */; };
		8C6CB9DC203F39530082E0A2 /* Main.storyboard in Resources */ = {isa = PBXBuildFile; fileRef = 8C6CB9DA203F39530082E0A2 /* Main.storyboard */; };
		8C6CB9DE203F39530082E0A2 /* Assets.xcassets in Resources */ = {isa = PBXBuildFile; fileRef = 8C6CB9DD203F39530082E0A2 /* Assets.xcassets */; };
		8C6CB9E1203F39530082E0A2 /* LaunchScreen.storyboard in Resources */ = {isa = PBXBuildFile; fileRef = 8C6CB9DF203F39530082E0A2 /* LaunchScreen.storyboard */; };
/* End PBXBuildFile section */

/* Begin PBXFileReference section */
		8C6CB9CF203F39530082E0A2 /* NotARobot.app */ = {isa = PBXFileReference; explicitFileType = wrapper.application; includeInIndex = 0; path = NotARobot.app; sourceTree = BUILT_PRODUCTS_DIR; };
		8C6CB9D2203F39530082E0A2 /* AppDelegate.swift */ = {isa = PBXFileReference; lastKnownFileType = sourcecode.swift; path = AppDelegate.swift; sourceTree = "<group>"; };
		8C6CB9D4203F39530082E0A2 /* DocumentBrowserViewController.swift */ = {isa = PBXFileReference; lastKnownFileType = sourcecode.swift; path = DocumentBrowserViewController.swift; sourceTree = "<group>"; };
		8C6CB9D6203F39530082E0A2 /* DocumentViewController.swift */ = {isa = PBXFileReference; lastKnownFileType = sourcecode.swift; path = DocumentViewController.swift; sourceTree = "<group>"; };
		8C6CB9D8203F39530082E0A2 /* Document.swift */ = {isa = PBXFileReference; lastKnownFileType = sourcecode.swift; path = Document.swift; sourceTree = "<group>"; };
		8C6CB9DB203F39530082E0A2 /* Base */ = {isa = PBXFileReference; lastKnownFileType = file.storyboard; name = Base; path = Base.lproj/Main.storyboard; sourceTree = "<group>"; };
		8C6CB9DD203F39530082E0A2 /* Assets.xcassets */ = {isa = PBXFileReference; lastKnownFileType = folder.assetcatalog; path = Assets.xcassets; sourceTree = "<group>"; };
		8C6CB9E0203F39530082E0A2 /* Base */ = {isa = PBXFileReference; lastKnownFileType = file.storyboard; name = Base; path = Base.lproj/LaunchScreen.storyboard; sourceTree = "<group>"; };
		8C6CB9E2203F39530082E0A2 /* Info.plist */ = {isa = PBXFileReference; lastKnownFileType = text.plist.xml; path = Info.plist; sourceTree = "<group>"; };
/* End PBXFileReference section */

/* Begin PBXFrameworksBuildPhase section */
		8C6CB9CC203F39530082E0A2 /* Frameworks */ = {
			isa = PBXFrameworksBuildPhase;
			buildActionMask = 2147483647;
			files = (
			);
			runOnlyForDeploymentPostprocessing = 0;
		};
/* End PBXFrameworksBuildPhase section */

/* Begin PBXGroup section */
		8C6CB9C6203F39530082E0A2 = {
			isa = PBXGroup;
			children = (
				8C6CB9D1203F39530082E0A2 /* NotARobot */,
				8C6CB9D0203F39530082E0A2 /* Products */,
			);
			sourceTree = "<group>";
		};
		8C6CB9D0203F39530082E0A2 /* Products */ = {
			isa = PBXGroup;
			children = (
				8C6CB9CF203F39530082E0A2 /* NotARobot.app */,
			);
			name = Products;
			sourceTree = "<group>";
		};
		8C6CB9D1203F39530082E0A2 /* NotARobot */ = {
			isa = PBXGroup;
			children = (
				8C6CB9D2203F39530082E0A2 /* AppDelegate.swift */,
				8C6CB9D4203F39530082E0A2 /* DocumentBrowserViewController.swift */,
				8C6CB9D6203F39530082E0A2 /* DocumentViewController.swift */,
				8C6CB9D8203F39530082E0A2 /* Document.swift */,
				8C6CB9DA203F39530082E0A2 /* Main.storyboard */,
				8C6CB9DD203F39530082E0A2 /* Assets.xcassets */,
				8C6CB9DF203F39530082E0A2 /* LaunchScreen.storyboard */,
				8C6CB9E2203F39530082E0A2 /* Info.plist */,
			);
			path = NotARobot;
			sourceTree = "<group>";
		};
/* End PBXGroup section */

/* Begin PBXNativeTarget section */
		8C6CB9CE203F39530082E0A2 /* NotARobot */ = {
			isa = PBXNativeTarget;
			buildConfigurationList = 8C6CB9E5203F39530082E0A2 /* Build configuration list for PBXNativeTarget "NotARobot" */;
			buildPhases = (
				8C6CB9CB203F39530082E0A2 /* Sources */,
				8C6CB9CC203F39530082E0A2 /* Frameworks */,
				8C6CB9CD203F39530082E0A2 /* Resources */,
			);
			buildRules = (
			);
			dependencies = (
			);
			name = NotARobot;
			productName = NotARobot;
			productReference = 8C6CB9CF203F39530082E0A2 /* NotARobot.app */;
			productType = "com.apple.product-type.application";
		};
/* End PBXNativeTarget section */

/* Begin PBXProject section */
		8C6CB9C7203F39530082E0A2 /* Project object */ = {
			isa = PBXProject;
			attributes = {
				LastSwiftUpdateCheck = 0920;
				LastUpgradeCheck = 0920;
				ORGANIZATIONNAME = "Clean Water Services";
				TargetAttributes = {
					8C6CB9CE203F39530082E0A2 = {
						CreatedOnToolsVersion = 9.2;
						ProvisioningStyle = Automatic;
					};
				};
			};
			buildConfigurationList = 8C6CB9CA203F39530082E0A2 /* Build configuration list for PBXProject "NotARobot" */;
			compatibilityVersion = "Xcode 8.0";
			developmentRegion = en;
			hasScannedForEncodings = 0;
			knownRegions = (
				en,
				Base,
			);
			mainGroup = 8C6CB9C6203F39530082E0A2;
			productRefGroup = 8C6CB9D0203F39530082E0A2 /* Products */;
			projectDirPath = "";
			projectRoot = "";
			targets = (
				8C6CB9CE203F39530082E0A2 /* NotARobot */,
			);
		};
/* End PBXProject section */

/* Begin PBXResourcesBuildPhase section */
		8C6CB9CD203F39530082E0A2 /* Resources */ = {
			isa = PBXResourcesBuildPhase;
			buildActionMask = 2147483647;
			files = (
				8C6CB9E1203F39530082E0A2 /* LaunchScreen.storyboard in Resources */,
				8C6CB9DE203F39530082E0A2 /* Assets.xcassets in Resources */,
				8C6CB9DC203F39530082E0A2 /* Main.storyboard in Resources */,
			);
			runOnlyForDeploymentPostprocessing = 0;
		};
/* End PBXResourcesBuildPhase section */

/* Begin PBXSourcesBuildPhase section */
		8C6CB9CB203F39530082E0A2 /* Sources */ = {
			isa = PBXSourcesBuildPhase;
			buildActionMask = 2147483647;
			files = (
				8C6CB9D9203F39530082E0A2 /* Document.swift in Sources */,
				8C6CB9D7203F39530082E0A2 /* DocumentViewController.swift in Sources */,
				8C6CB9D5203F39530082E0A2 /* DocumentBrowserViewController.swift in Sources */,
				8C6CB9D3203F39530082E0A2 /* AppDelegate.swift in Sources */,
			);
			runOnlyForDeploymentPostprocessing = 0;
		};
/* End PBXSourcesBuildPhase section */

/* Begin PBXVariantGroup section */
		8C6CB9DA203F39530082E0A2 /* Main.storyboard */ = {
			isa = PBXVariantGroup;
			children = (
				8C6CB9DB203F39530082E0A2 /* Base */,
			);
			name = Main.storyboard;
			sourceTree = "<group>";
		};
		8C6CB9DF203F39530082E0A2 /* LaunchScreen.storyboard */ = {
			isa = PBXVariantGroup;
			children = (
				8C6CB9E0203F39530082E0A2 /* Base */,
			);
			name = LaunchScreen.storyboard;
			sourceTree = "<group>";
		};
/* End PBXVariantGroup section */

/* Begin XCBuildConfiguration section */
		8C6CB9E3203F39530082E0A2 /* Debug */ = {
			isa = XCBuildConfiguration;
			buildSettings = {
				ALWAYS_SEARCH_USER_PATHS = NO;
				CLANG_ANALYZER_NONNULL = YES;
				CLANG_ANALYZER_NUMBER_OBJECT_CONVERSION = YES_AGGRESSIVE;
				CLANG_CXX_LANGUAGE_STANDARD = "gnu++14";
				CLANG_CXX_LIBRARY = "libc++";
				CLANG_ENABLE_MODULES = YES;
				CLANG_ENABLE_OBJC_ARC = YES;
				CLANG_WARN_BLOCK_CAPTURE_AUTORELEASING = YES;
				CLANG_WARN_BOOL_CONVERSION = YES;
				CLANG_WARN_COMMA = YES;
				CLANG_WARN_CONSTANT_CONVERSION = YES;
				CLANG_WARN_DIRECT_OBJC_ISA_USAGE = YES_ERROR;
				CLANG_WARN_DOCUMENTATION_COMMENTS = YES;
				CLANG_WARN_EMPTY_BODY = YES;
				CLANG_WARN_ENUM_CONVERSION = YES;
				CLANG_WARN_INFINITE_RECURSION = YES;
				CLANG_WARN_INT_CONVERSION = YES;
				CLANG_WARN_NON_LITERAL_NULL_CONVERSION = YES;
				CLANG_WARN_OBJC_LITERAL_CONVERSION = YES;
				CLANG_WARN_OBJC_ROOT_CLASS = YES_ERROR;
				CLANG_WARN_RANGE_LOOP_ANALYSIS = YES;
				CLANG_WARN_STRICT_PROTOTYPES = YES;
				CLANG_WARN_SUSPICIOUS_MOVE = YES;
				CLANG_WARN_UNGUARDED_AVAILABILITY = YES_AGGRESSIVE;
				CLANG_WARN_UNREACHABLE_CODE = YES;
				CLANG_WARN__DUPLICATE_METHOD_MATCH = YES;
				CODE_SIGN_IDENTITY = "iPhone Developer";
				COPY_PHASE_STRIP = NO;
				DEBUG_INFORMATION_FORMAT = dwarf;
				ENABLE_STRICT_OBJC_MSGSEND = YES;
				ENABLE_TESTABILITY = YES;
				GCC_C_LANGUAGE_STANDARD = gnu11;
				GCC_DYNAMIC_NO_PIC = NO;
				GCC_NO_COMMON_BLOCKS = YES;
				GCC_OPTIMIZATION_LEVEL = 0;
				GCC_PREPROCESSOR_DEFINITIONS = (
					"DEBUG=1",
					"$(inherited)",
				);
				GCC_WARN_64_TO_32_BIT_CONVERSION = YES;
				GCC_WARN_ABOUT_RETURN_TYPE = YES_ERROR;
				GCC_WARN_UNDECLARED_SELECTOR = YES;
				GCC_WARN_UNINITIALIZED_AUTOS = YES_AGGRESSIVE;
				GCC_WARN_UNUSED_FUNCTION = YES;
				GCC_WARN_UNUSED_VARIABLE = YES;
				IPHONEOS_DEPLOYMENT_TARGET = 11.2;
				MTL_ENABLE_DEBUG_INFO = YES;
				ONLY_ACTIVE_ARCH = YES;
				SDKROOT = iphoneos;
				SWIFT_ACTIVE_COMPILATION_CONDITIONS = DEBUG;
				SWIFT_OPTIMIZATION_LEVEL = "-Onone";
			};
			name = Debug;
		};
		8C6CB9E4203F39530082E0A2 /* Release */ = {
			isa = XCBuildConfiguration;
			buildSettings = {
				ALWAYS_SEARCH_USER_PATHS = NO;
				CLANG_ANALYZER_NONNULL = YES;
				CLANG_ANALYZER_NUMBER_OBJECT_CONVERSION = YES_AGGRESSIVE;
				CLANG_CXX_LANGUAGE_STANDARD = "gnu++14";
				CLANG_CXX_LIBRARY = "libc++";
				CLANG_ENABLE_MODULES = YES;
				CLANG_ENABLE_OBJC_ARC = YES;
				CLANG_WARN_BLOCK_CAPTURE_AUTORELEASING = YES;
				CLANG_WARN_BOOL_CONVERSION = YES;
				CLANG_WARN_COMMA = YES;
				CLANG_WARN_CONSTANT_CONVERSION = YES;
				CLANG_WARN_DIRECT_OBJC_ISA_USAGE = YES_ERROR;
				CLANG_WARN_DOCUMENTATION_COMMENTS = YES;
				CLANG_WARN_EMPTY_BODY = YES;
				CLANG_WARN_ENUM_CONVERSION = YES;
				CLANG_WARN_INFINITE_RECURSION = YES;
				CLANG_WARN_INT_CONVERSION = YES;
				CLANG_WARN_NON_LITERAL_NULL_CONVERSION = YES;
				CLANG_WARN_OBJC_LITERAL_CONVERSION = YES;
				CLANG_WARN_OBJC_ROOT_CLASS = YES_ERROR;
				CLANG_WARN_RANGE_LOOP_ANALYSIS = YES;
				CLANG_WARN_STRICT_PROTOTYPES = YES;
				CLANG_WARN_SUSPICIOUS_MOVE = YES;
				CLANG_WARN_UNGUARDED_AVAILABILITY = YES_AGGRESSIVE;
				CLANG_WARN_UNREACHABLE_CODE = YES;
				CLANG_WARN__DUPLICATE_METHOD_MATCH = YES;
				CODE_SIGN_IDENTITY = "iPhone Developer";
				COPY_PHASE_STRIP = NO;
				DEBUG_INFORMATION_FORMAT = "dwarf-with-dsym";
				ENABLE_NS_ASSERTIONS = NO;
				ENABLE_STRICT_OBJC_MSGSEND = YES;
				GCC_C_LANGUAGE_STANDARD = gnu11;
				GCC_NO_COMMON_BLOCKS = YES;
				GCC_WARN_64_TO_32_BIT_CONVERSION = YES;
				GCC_WARN_ABOUT_RETURN_TYPE = YES_ERROR;
				GCC_WARN_UNDECLARED_SELECTOR = YES;
				GCC_WARN_UNINITIALIZED_AUTOS = YES_AGGRESSIVE;
				GCC_WARN_UNUSED_FUNCTION = YES;
				GCC_WARN_UNUSED_VARIABLE = YES;
				IPHONEOS_DEPLOYMENT_TARGET = 11.2;
				MTL_ENABLE_DEBUG_INFO = NO;
				SDKROOT = iphoneos;
				SWIFT_OPTIMIZATION_LEVEL = "-Owholemodule";
				VALIDATE_PRODUCT = YES;
			};
			name = Release;
		};
		8C6CB9E6203F39530082E0A2 /* Debug */ = {
			isa = XCBuildConfiguration;
			buildSettings = {
				ASSETCATALOG_COMPILER_APPICON_NAME = AppIcon;
				CODE_SIGN_STYLE = Automatic;
				DEVELOPMENT_TEAM = Z957FUF6L7;
				INFOPLIST_FILE = NotARobot/Info.plist;
				LD_RUNPATH_SEARCH_PATHS = "$(inherited) @executable_path/Frameworks";
				PRODUCT_BUNDLE_IDENTIFIER = org.cleanwaterservices.NotARobot;
				PRODUCT_NAME = "$(TARGET_NAME)";
				SWIFT_VERSION = 4.0;
				TARGETED_DEVICE_FAMILY = "1,2";
			};
			name = Debug;
		};
		8C6CB9E7203F39530082E0A2 /* Release */ = {
			isa = XCBuildConfiguration;
			buildSettings = {
				ASSETCATALOG_COMPILER_APPICON_NAME = AppIcon;
				CODE_SIGN_STYLE = Automatic;
				DEVELOPMENT_TEAM = Z957FUF6L7;
				INFOPLIST_FILE = NotARobot/Info.plist;
				LD_RUNPATH_SEARCH_PATHS = "$(inherited) @executable_path/Frameworks";
				PRODUCT_BUNDLE_IDENTIFIER = org.cleanwaterservices.NotARobot;
				PRODUCT_NAME = "$(TARGET_NAME)";
				SWIFT_VERSION = 4.0;
				TARGETED_DEVICE_FAMILY = "1,2";
			};
			name = Release;
		};
/* End XCBuildConfiguration section */

/* Begin XCConfigurationList section */
		8C6CB9CA203F39530082E0A2 /* Build configuration list for PBXProject "NotARobot" */ = {
			isa = XCConfigurationList;
			buildConfigurations = (
				8C6CB9E3203F39530082E0A2 /* Debug */,
				8C6CB9E4203F39530082E0A2 /* Release */,
			);
			defaultConfigurationIsVisible = 0;
			defaultConfigurationName = Release;
		};
		8C6CB9E5203F39530082E0A2 /* Build configuration list for PBXNativeTarget "NotARobot" */ = {
			isa = XCConfigurationList;
			buildConfigurations = (
				8C6CB9E6203F39530082E0A2 /* Debug */,
				8C6CB9E7203F39530082E0A2 /* Release */,
			);
			defaultConfigurationIsVisible = 0;
			defaultConfigurationName = Release;
		};
/* End XCConfigurationList section */
	};
	rootObject = 8C6CB9C7203F39530082E0A2 /* Project object */;
}
